
Microsoft Visual Studio Solution File, Format Version 12.00
# Visual Studio Version 17
VisualStudioVersion = 17.0.31903.59
MinimumVisualStudioVersion = 10.0.40219.1
Project("{2150E333-8FDC-42A3-9474-1A3956D46DE8}") = "src", "src", "{09140932-924E-4A1B-9EDF-ECBAF93310AB}"
EndProject
Project("{2150E333-8FDC-42A3-9474-1A3956D46DE8}") = "Core", "Core", "{0FC789BA-D387-4A30-B900-9DFA2534DD78}"
EndProject
Project("{FAE04EC0-301F-11D3-BF4B-00C04F79EFBC}") = "Fnunez.VeterinaryClinic.Scheduling.Domain", "src\Core\Fnunez.VeterinaryClinic.Scheduling.Domain\Fnunez.VeterinaryClinic.Scheduling.Domain.csproj", "{9E18C9EF-1700-41FA-85D1-892F9A3E0B13}"
EndProject
Project("{FAE04EC0-301F-11D3-BF4B-00C04F79EFBC}") = "Fnunez.VeterinaryClinic.Scheduling.Application", "src\Core\Fnunez.VeterinaryClinic.Scheduling.Application\Fnunez.VeterinaryClinic.Scheduling.Application.csproj", "{90E8F058-4FF2-43EA-8D61-DBD775BDB5B4}"
EndProject
Project("{2150E333-8FDC-42A3-9474-1A3956D46DE8}") = "Infrastructure", "Infrastructure", "{74BA6AA4-714D-4F55-B848-F1BA5C28F66C}"
EndProject
Project("{FAE04EC0-301F-11D3-BF4B-00C04F79EFBC}") = "Fnunez.VeterinaryClinic.Scheduling.Infrastructure", "src\Infrastructure\Fnunez.VeterinaryClinic.Scheduling.Infrastructure\Fnunez.VeterinaryClinic.Scheduling.Infrastructure.csproj", "{60CA107E-332B-4C95-8136-0A22BFBD351B}"
EndProject
Project("{2150E333-8FDC-42A3-9474-1A3956D46DE8}") = "Presentation", "Presentation", "{6DF9D1C4-EE5C-4278-AAB7-A9F6866FF089}"
EndProject
Project("{FAE04EC0-301F-11D3-BF4B-00C04F79EFBC}") = "Fnunez.VeterinaryClinic.Scheduling.Api", "src\Presentation\Fnunez.VeterinaryClinic.Scheduling.Api\Fnunez.VeterinaryClinic.Scheduling.Api.csproj", "{6CB58343-B5B7-4503-8612-ECE5FED6CEF4}"
EndProject
Project("{FAE04EC0-301F-11D3-BF4B-00C04F79EFBC}") = "Fnunez.VeterinaryClinic.Scheduling.Application.SharedModel", "src\Core\Fnunez.VeterinaryClinic.Scheduling.Application.SharedModel\Fnunez.VeterinaryClinic.Scheduling.Application.SharedModel.csproj", "{2B6DFFE5-6F7E-4A45-84CD-EDBF3286B7A7}"
EndProject
Project("{2150E333-8FDC-42A3-9474-1A3956D46DE8}") = "BlazorClient", "BlazorClient", "{3F8048C4-7CDE-4C0F-81D7-9AF341FE9AFB}"
EndProject
Project("{FAE04EC0-301F-11D3-BF4B-00C04F79EFBC}") = "Fnunez.VeterinaryClinic.Scheduling.BlazorClient.Client", "src\Presentation\BlazorClient\Fnunez.VeterinaryClinic.Scheduling.BlazorClient.Client\Fnunez.VeterinaryClinic.Scheduling.BlazorClient.Client.csproj", "{FE344430-1B49-441E-B154-CB8E44E37705}"
EndProject
Project("{FAE04EC0-301F-11D3-BF4B-00C04F79EFBC}") = "Fnunez.VeterinaryClinic.Scheduling.BlazorClient.Server", "src\Presentation\BlazorClient\Fnunez.VeterinaryClinic.Scheduling.BlazorClient.Server\Fnunez.VeterinaryClinic.Scheduling.BlazorClient.Server.csproj", "{A8FF6C07-2C19-4842-8839-D0E48E4106E7}"
EndProject
Project("{FAE04EC0-301F-11D3-BF4B-00C04F79EFBC}") = "Fnunez.VeterinaryClinic.Scheduling.BlazorClient.Shared", "src\Presentation\BlazorClient\Fnunez.VeterinaryClinic.Scheduling.BlazorClient.Shared\Fnunez.VeterinaryClinic.Scheduling.BlazorClient.Shared.csproj", "{0D8702A0-C177-4D27-9D6F-E93ED20AB604}"
EndProject
Project("{2150E333-8FDC-42A3-9474-1A3956D46DE8}") = "tests", "tests", "{4F074583-6898-4EB3-8C09-84CE7D444DEF}"
EndProject
Project("{2150E333-8FDC-42A3-9474-1A3956D46DE8}") = "Core", "Core", "{446DC5DD-23E7-44A5-BDA2-C75C63FE301F}"
EndProject
Project("{FAE04EC0-301F-11D3-BF4B-00C04F79EFBC}") = "Fnunez.VeterinaryClinic.Scheduling.Domain.UnitTests", "tests\Core\Fnunez.VeterinaryClinic.Scheduling.Domain.UnitTests\Fnunez.VeterinaryClinic.Scheduling.Domain.UnitTests.csproj", "{0214E4C0-7233-4D6A-ABA4-5459596CC44F}"
EndProject
Project("{FAE04EC0-301F-11D3-BF4B-00C04F79EFBC}") = "Fnunez.VeterinaryClinic.Scheduling.Application.UnitTests", "tests\Core\Fnunez.VeterinaryClinic.Scheduling.Application.UnitTests\Fnunez.VeterinaryClinic.Scheduling.Application.UnitTests.csproj", "{77BCCCC0-6A80-4D11-AD74-F01166F6AC7A}"
EndProject
Project("{2150E333-8FDC-42A3-9474-1A3956D46DE8}") = "Infrastructure", "Infrastructure", "{C3787AD7-4E4D-4056-9EAE-8CD0E736D8DE}"
EndProject
Project("{FAE04EC0-301F-11D3-BF4B-00C04F79EFBC}") = "Fnunez.VeterinaryClinic.Scheduling.Infrastructure.UnitTests", "tests\Infrastructure\Fnunez.VeterinaryClinic.Scheduling.Infrastructure.UnitTests\Fnunez.VeterinaryClinic.Scheduling.Infrastructure.UnitTests.csproj", "{BC4D38A0-CA13-4836-8361-02B3AA2D8E8C}"
EndProject
Project("{2150E333-8FDC-42A3-9474-1A3956D46DE8}") = "Presentation", "Presentation", "{044F2C28-3282-4D41-83FD-DD877A19C99A}"
EndProject
Project("{FAE04EC0-301F-11D3-BF4B-00C04F79EFBC}") = "Fnunez.VeterinaryClinic.Scheduling.Api.UnitTests", "tests\Presentation\Fnunez.VeterinaryClinic.Scheduling.Api.UnitTests\Fnunez.VeterinaryClinic.Scheduling.Api.UnitTests.csproj", "{9567BB29-60D3-4C69-B9D2-4A4E1A9D97ED}"
EndProject
Project("{FAE04EC0-301F-11D3-BF4B-00C04F79EFBC}") = "Fnunez.VeterinaryClinic.Scheduling.Application.IntegrationTests", "tests\Core\Fnunez.VeterinaryClinic.Scheduling.Application.IntegrationTests\Fnunez.VeterinaryClinic.Scheduling.Application.IntegrationTests.csproj", "{9B2800FA-DE52-4DB6-B808-119152308158}"
EndProject
Global
	GlobalSection(SolutionConfigurationPlatforms) = preSolution
		Debug|Any CPU = Debug|Any CPU
		Release|Any CPU = Release|Any CPU
	EndGlobalSection
	GlobalSection(SolutionProperties) = preSolution
		HideSolutionNode = FALSE
	EndGlobalSection
	GlobalSection(ProjectConfigurationPlatforms) = postSolution
		{9E18C9EF-1700-41FA-85D1-892F9A3E0B13}.Debug|Any CPU.ActiveCfg = Debug|Any CPU
		{9E18C9EF-1700-41FA-85D1-892F9A3E0B13}.Debug|Any CPU.Build.0 = Debug|Any CPU
		{9E18C9EF-1700-41FA-85D1-892F9A3E0B13}.Release|Any CPU.ActiveCfg = Release|Any CPU
		{9E18C9EF-1700-41FA-85D1-892F9A3E0B13}.Release|Any CPU.Build.0 = Release|Any CPU
		{90E8F058-4FF2-43EA-8D61-DBD775BDB5B4}.Debug|Any CPU.ActiveCfg = Debug|Any CPU
		{90E8F058-4FF2-43EA-8D61-DBD775BDB5B4}.Debug|Any CPU.Build.0 = Debug|Any CPU
		{90E8F058-4FF2-43EA-8D61-DBD775BDB5B4}.Release|Any CPU.ActiveCfg = Release|Any CPU
		{90E8F058-4FF2-43EA-8D61-DBD775BDB5B4}.Release|Any CPU.Build.0 = Release|Any CPU
		{60CA107E-332B-4C95-8136-0A22BFBD351B}.Debug|Any CPU.ActiveCfg = Debug|Any CPU
		{60CA107E-332B-4C95-8136-0A22BFBD351B}.Debug|Any CPU.Build.0 = Debug|Any CPU
		{60CA107E-332B-4C95-8136-0A22BFBD351B}.Release|Any CPU.ActiveCfg = Release|Any CPU
		{60CA107E-332B-4C95-8136-0A22BFBD351B}.Release|Any CPU.Build.0 = Release|Any CPU
		{6CB58343-B5B7-4503-8612-ECE5FED6CEF4}.Debug|Any CPU.ActiveCfg = Debug|Any CPU
		{6CB58343-B5B7-4503-8612-ECE5FED6CEF4}.Debug|Any CPU.Build.0 = Debug|Any CPU
		{6CB58343-B5B7-4503-8612-ECE5FED6CEF4}.Release|Any CPU.ActiveCfg = Release|Any CPU
		{6CB58343-B5B7-4503-8612-ECE5FED6CEF4}.Release|Any CPU.Build.0 = Release|Any CPU
		{2B6DFFE5-6F7E-4A45-84CD-EDBF3286B7A7}.Debug|Any CPU.ActiveCfg = Debug|Any CPU
		{2B6DFFE5-6F7E-4A45-84CD-EDBF3286B7A7}.Debug|Any CPU.Build.0 = Debug|Any CPU
		{2B6DFFE5-6F7E-4A45-84CD-EDBF3286B7A7}.Release|Any CPU.ActiveCfg = Release|Any CPU
		{2B6DFFE5-6F7E-4A45-84CD-EDBF3286B7A7}.Release|Any CPU.Build.0 = Release|Any CPU
		{FE344430-1B49-441E-B154-CB8E44E37705}.Debug|Any CPU.ActiveCfg = Debug|Any CPU
		{FE344430-1B49-441E-B154-CB8E44E37705}.Debug|Any CPU.Build.0 = Debug|Any CPU
		{FE344430-1B49-441E-B154-CB8E44E37705}.Release|Any CPU.ActiveCfg = Release|Any CPU
		{FE344430-1B49-441E-B154-CB8E44E37705}.Release|Any CPU.Build.0 = Release|Any CPU
		{A8FF6C07-2C19-4842-8839-D0E48E4106E7}.Debug|Any CPU.ActiveCfg = Debug|Any CPU
		{A8FF6C07-2C19-4842-8839-D0E48E4106E7}.Debug|Any CPU.Build.0 = Debug|Any CPU
		{A8FF6C07-2C19-4842-8839-D0E48E4106E7}.Release|Any CPU.ActiveCfg = Release|Any CPU
		{A8FF6C07-2C19-4842-8839-D0E48E4106E7}.Release|Any CPU.Build.0 = Release|Any CPU
		{0D8702A0-C177-4D27-9D6F-E93ED20AB604}.Debug|Any CPU.ActiveCfg = Debug|Any CPU
		{0D8702A0-C177-4D27-9D6F-E93ED20AB604}.Debug|Any CPU.Build.0 = Debug|Any CPU
		{0D8702A0-C177-4D27-9D6F-E93ED20AB604}.Release|Any CPU.ActiveCfg = Release|Any CPU
		{0D8702A0-C177-4D27-9D6F-E93ED20AB604}.Release|Any CPU.Build.0 = Release|Any CPU
		{0214E4C0-7233-4D6A-ABA4-5459596CC44F}.Debug|Any CPU.ActiveCfg = Debug|Any CPU
		{0214E4C0-7233-4D6A-ABA4-5459596CC44F}.Debug|Any CPU.Build.0 = Debug|Any CPU
		{0214E4C0-7233-4D6A-ABA4-5459596CC44F}.Release|Any CPU.ActiveCfg = Release|Any CPU
		{0214E4C0-7233-4D6A-ABA4-5459596CC44F}.Release|Any CPU.Build.0 = Release|Any CPU
		{77BCCCC0-6A80-4D11-AD74-F01166F6AC7A}.Debug|Any CPU.ActiveCfg = Debug|Any CPU
		{77BCCCC0-6A80-4D11-AD74-F01166F6AC7A}.Debug|Any CPU.Build.0 = Debug|Any CPU
		{77BCCCC0-6A80-4D11-AD74-F01166F6AC7A}.Release|Any CPU.ActiveCfg = Release|Any CPU
		{77BCCCC0-6A80-4D11-AD74-F01166F6AC7A}.Release|Any CPU.Build.0 = Release|Any CPU
		{BC4D38A0-CA13-4836-8361-02B3AA2D8E8C}.Debug|Any CPU.ActiveCfg = Debug|Any CPU
		{BC4D38A0-CA13-4836-8361-02B3AA2D8E8C}.Debug|Any CPU.Build.0 = Debug|Any CPU
		{BC4D38A0-CA13-4836-8361-02B3AA2D8E8C}.Release|Any CPU.ActiveCfg = Release|Any CPU
		{BC4D38A0-CA13-4836-8361-02B3AA2D8E8C}.Release|Any CPU.Build.0 = Release|Any CPU
		{9567BB29-60D3-4C69-B9D2-4A4E1A9D97ED}.Debug|Any CPU.ActiveCfg = Debug|Any CPU
		{9567BB29-60D3-4C69-B9D2-4A4E1A9D97ED}.Debug|Any CPU.Build.0 = Debug|Any CPU
		{9567BB29-60D3-4C69-B9D2-4A4E1A9D97ED}.Release|Any CPU.ActiveCfg = Release|Any CPU
		{9567BB29-60D3-4C69-B9D2-4A4E1A9D97ED}.Release|Any CPU.Build.0 = Release|Any CPU
		{9B2800FA-DE52-4DB6-B808-119152308158}.Debug|Any CPU.ActiveCfg = Debug|Any CPU
		{9B2800FA-DE52-4DB6-B808-119152308158}.Debug|Any CPU.Build.0 = Debug|Any CPU
		{9B2800FA-DE52-4DB6-B808-119152308158}.Release|Any CPU.ActiveCfg = Release|Any CPU
		{9B2800FA-DE52-4DB6-B808-119152308158}.Release|Any CPU.Build.0 = Release|Any CPU
	EndGlobalSection
	GlobalSection(NestedProjects) = preSolution
		{0FC789BA-D387-4A30-B900-9DFA2534DD78} = {09140932-924E-4A1B-9EDF-ECBAF93310AB}
		{9E18C9EF-1700-41FA-85D1-892F9A3E0B13} = {0FC789BA-D387-4A30-B900-9DFA2534DD78}
		{90E8F058-4FF2-43EA-8D61-DBD775BDB5B4} = {0FC789BA-D387-4A30-B900-9DFA2534DD78}
		{74BA6AA4-714D-4F55-B848-F1BA5C28F66C} = {09140932-924E-4A1B-9EDF-ECBAF93310AB}
		{60CA107E-332B-4C95-8136-0A22BFBD351B} = {74BA6AA4-714D-4F55-B848-F1BA5C28F66C}
		{6DF9D1C4-EE5C-4278-AAB7-A9F6866FF089} = {09140932-924E-4A1B-9EDF-ECBAF93310AB}
		{6CB58343-B5B7-4503-8612-ECE5FED6CEF4} = {6DF9D1C4-EE5C-4278-AAB7-A9F6866FF089}
		{2B6DFFE5-6F7E-4A45-84CD-EDBF3286B7A7} = {0FC789BA-D387-4A30-B900-9DFA2534DD78}
		{3F8048C4-7CDE-4C0F-81D7-9AF341FE9AFB} = {6DF9D1C4-EE5C-4278-AAB7-A9F6866FF089}
		{FE344430-1B49-441E-B154-CB8E44E37705} = {3F8048C4-7CDE-4C0F-81D7-9AF341FE9AFB}
		{A8FF6C07-2C19-4842-8839-D0E48E4106E7} = {3F8048C4-7CDE-4C0F-81D7-9AF341FE9AFB}
		{0D8702A0-C177-4D27-9D6F-E93ED20AB604} = {3F8048C4-7CDE-4C0F-81D7-9AF341FE9AFB}
		{446DC5DD-23E7-44A5-BDA2-C75C63FE301F} = {4F074583-6898-4EB3-8C09-84CE7D444DEF}
		{0214E4C0-7233-4D6A-ABA4-5459596CC44F} = {446DC5DD-23E7-44A5-BDA2-C75C63FE301F}
		{77BCCCC0-6A80-4D11-AD74-F01166F6AC7A} = {446DC5DD-23E7-44A5-BDA2-C75C63FE301F}
		{C3787AD7-4E4D-4056-9EAE-8CD0E736D8DE} = {4F074583-6898-4EB3-8C09-84CE7D444DEF}
		{BC4D38A0-CA13-4836-8361-02B3AA2D8E8C} = {C3787AD7-4E4D-4056-9EAE-8CD0E736D8DE}
		{044F2C28-3282-4D41-83FD-DD877A19C99A} = {4F074583-6898-4EB3-8C09-84CE7D444DEF}
		{9567BB29-60D3-4C69-B9D2-4A4E1A9D97ED} = {044F2C28-3282-4D41-83FD-DD877A19C99A}
		{9B2800FA-DE52-4DB6-B808-119152308158} = {446DC5DD-23E7-44A5-BDA2-C75C63FE301F}
	EndGlobalSection
EndGlobal
