
Microsoft Visual Studio Solution File, Format Version 12.00
# Visual Studio Version 17
VisualStudioVersion = 17.0.31903.59
MinimumVisualStudioVersion = 10.0.40219.1
Project("{2150E333-8FDC-42A3-9474-1A3956D46DE8}") = "src", "src", "{784CABF2-3B5E-46BA-8DA8-FAEC06941B0B}"
EndProject
Project("{2150E333-8FDC-42A3-9474-1A3956D46DE8}") = "Core", "Core", "{2FC7D5DC-B55B-45A1-822B-E757A049857A}"
EndProject
Project("{FAE04EC0-301F-11D3-BF4B-00C04F79EFBC}") = "Fnunez.VeterinaryClinic.ClinicManagement.Domain", "src\Core\Fnunez.VeterinaryClinic.ClinicManagement.Domain\Fnunez.VeterinaryClinic.ClinicManagement.Domain.csproj", "{75333636-8EBB-433E-92C6-A28213143609}"
EndProject
Project("{FAE04EC0-301F-11D3-BF4B-00C04F79EFBC}") = "Fnunez.VeterinaryClinic.ClinicManagement.Application", "src\Core\Fnunez.VeterinaryClinic.ClinicManagement.Application\Fnunez.VeterinaryClinic.ClinicManagement.Application.csproj", "{2B958A5A-3D5E-472A-A315-45B713A51B8C}"
EndProject
Project("{2150E333-8FDC-42A3-9474-1A3956D46DE8}") = "Infrastructure", "Infrastructure", "{809F67FB-A27A-459B-96F8-93C15FB48137}"
EndProject
Project("{FAE04EC0-301F-11D3-BF4B-00C04F79EFBC}") = "Fnunez.VeterinaryClinic.ClinicManagement.Infrastructure", "src\Infrastructure\Fnunez.VeterinaryClinic.ClinicManagement.Infrastructure\Fnunez.VeterinaryClinic.ClinicManagement.Infrastructure.csproj", "{0661C859-CDF2-4D89-9913-B31779C229F0}"
EndProject
Project("{2150E333-8FDC-42A3-9474-1A3956D46DE8}") = "Presentation", "Presentation", "{14938152-ADA3-45C2-9BFA-86BA3F81791A}"
EndProject
Project("{FAE04EC0-301F-11D3-BF4B-00C04F79EFBC}") = "Fnunez.VeterinaryClinic.ClinicManagement.Api", "src\Presentation\Fnunez.VeterinaryClinic.ClinicManagement.Api\Fnunez.VeterinaryClinic.ClinicManagement.Api.csproj", "{C43C9304-A559-4C31-B748-6F52AA195633}"
EndProject
Project("{FAE04EC0-301F-11D3-BF4B-00C04F79EFBC}") = "Fnunez.VeterinaryClinic.ClinicManagement.Application.SharedModel", "src\Core\Fnunez.VeterinaryClinic.ClinicManagement.Application.SharedModel\Fnunez.VeterinaryClinic.ClinicManagement.Application.SharedModel.csproj", "{8B2145BE-97FE-4F79-B367-45A0E19A62B1}"
EndProject
Global
	GlobalSection(SolutionConfigurationPlatforms) = preSolution
		Debug|Any CPU = Debug|Any CPU
		Release|Any CPU = Release|Any CPU
	EndGlobalSection
	GlobalSection(SolutionProperties) = preSolution
		HideSolutionNode = FALSE
	EndGlobalSection
	GlobalSection(ProjectConfigurationPlatforms) = postSolution
		{75333636-8EBB-433E-92C6-A28213143609}.Debug|Any CPU.ActiveCfg = Debug|Any CPU
		{75333636-8EBB-433E-92C6-A28213143609}.Debug|Any CPU.Build.0 = Debug|Any CPU
		{75333636-8EBB-433E-92C6-A28213143609}.Release|Any CPU.ActiveCfg = Release|Any CPU
		{75333636-8EBB-433E-92C6-A28213143609}.Release|Any CPU.Build.0 = Release|Any CPU
		{2B958A5A-3D5E-472A-A315-45B713A51B8C}.Debug|Any CPU.ActiveCfg = Debug|Any CPU
		{2B958A5A-3D5E-472A-A315-45B713A51B8C}.Debug|Any CPU.Build.0 = Debug|Any CPU
		{2B958A5A-3D5E-472A-A315-45B713A51B8C}.Release|Any CPU.ActiveCfg = Release|Any CPU
		{2B958A5A-3D5E-472A-A315-45B713A51B8C}.Release|Any CPU.Build.0 = Release|Any CPU
		{0661C859-CDF2-4D89-9913-B31779C229F0}.Debug|Any CPU.ActiveCfg = Debug|Any CPU
		{0661C859-CDF2-4D89-9913-B31779C229F0}.Debug|Any CPU.Build.0 = Debug|Any CPU
		{0661C859-CDF2-4D89-9913-B31779C229F0}.Release|Any CPU.ActiveCfg = Release|Any CPU
		{0661C859-CDF2-4D89-9913-B31779C229F0}.Release|Any CPU.Build.0 = Release|Any CPU
		{C43C9304-A559-4C31-B748-6F52AA195633}.Debug|Any CPU.ActiveCfg = Debug|Any CPU
		{C43C9304-A559-4C31-B748-6F52AA195633}.Debug|Any CPU.Build.0 = Debug|Any CPU
		{C43C9304-A559-4C31-B748-6F52AA195633}.Release|Any CPU.ActiveCfg = Release|Any CPU
		{C43C9304-A559-4C31-B748-6F52AA195633}.Release|Any CPU.Build.0 = Release|Any CPU
		{8B2145BE-97FE-4F79-B367-45A0E19A62B1}.Debug|Any CPU.ActiveCfg = Debug|Any CPU
		{8B2145BE-97FE-4F79-B367-45A0E19A62B1}.Debug|Any CPU.Build.0 = Debug|Any CPU
		{8B2145BE-97FE-4F79-B367-45A0E19A62B1}.Release|Any CPU.ActiveCfg = Release|Any CPU
		{8B2145BE-97FE-4F79-B367-45A0E19A62B1}.Release|Any CPU.Build.0 = Release|Any CPU
	EndGlobalSection
	GlobalSection(NestedProjects) = preSolution
		{2FC7D5DC-B55B-45A1-822B-E757A049857A} = {784CABF2-3B5E-46BA-8DA8-FAEC06941B0B}
		{75333636-8EBB-433E-92C6-A28213143609} = {2FC7D5DC-B55B-45A1-822B-E757A049857A}
		{2B958A5A-3D5E-472A-A315-45B713A51B8C} = {2FC7D5DC-B55B-45A1-822B-E757A049857A}
		{809F67FB-A27A-459B-96F8-93C15FB48137} = {784CABF2-3B5E-46BA-8DA8-FAEC06941B0B}
		{0661C859-CDF2-4D89-9913-B31779C229F0} = {809F67FB-A27A-459B-96F8-93C15FB48137}
		{14938152-ADA3-45C2-9BFA-86BA3F81791A} = {784CABF2-3B5E-46BA-8DA8-FAEC06941B0B}
		{C43C9304-A559-4C31-B748-6F52AA195633} = {14938152-ADA3-45C2-9BFA-86BA3F81791A}
		{8B2145BE-97FE-4F79-B367-45A0E19A62B1} = {2FC7D5DC-B55B-45A1-822B-E757A049857A}
	EndGlobalSection
EndGlobal
